
Microsoft Visual Studio Solution File, Format Version 12.00
# Visual Studio 2013
VisualStudioVersion = 12.0.31101.0
MinimumVisualStudioVersion = 10.0.40219.1
Project("{FAE04EC0-301F-11D3-BF4B-00C04F79EFBC}") = "RestSharp.Portable.Test", "RestSharp.Portable.Test\RestSharp.Portable.Test.csproj", "{B88EBEB8-329D-49F5-A00F-EE2104AA3DB5}"
EndProject
Project("{FAE04EC0-301F-11D3-BF4B-00C04F79EFBC}") = "RestSharp.Portable.Encodings", "RestSharp.Portable.Encodings\RestSharp.Portable.Encodings.csproj", "{674469CC-9563-4618-A8E0-7C3A980647C5}"
EndProject
Project("{2150E333-8FDC-42A3-9474-1A3956D46DE8}") = "NuGet", "NuGet", "{E881237B-25BC-47D2-8D80-00BA0ADD9732}"
	ProjectSection(SolutionItems) = preProject
		NuGet\license-oauth2.txt = NuGet\license-oauth2.txt
		NuGet\license-restsharp.txt = NuGet\license-restsharp.txt
		NuGet\license.txt = NuGet\license.txt
		nuget-pack.ps1 = nuget-pack.ps1
	EndProjectSection
EndProject
Project("{2150E333-8FDC-42A3-9474-1A3956D46DE8}") = "lib", "lib", "{378BF51F-9A2C-4223-A6B8-3DC2BEAA37CD}"
EndProject
Project("{2150E333-8FDC-42A3-9474-1A3956D46DE8}") = "native", "native", "{888BC352-3848-4447-A098-FA4CD300892D}"
	ProjectSection(SolutionItems) = preProject
		NuGet\lib\native\_._ = NuGet\lib\native\_._
	EndProjectSection
EndProject
Project("{2150E333-8FDC-42A3-9474-1A3956D46DE8}") = "Solution Items", "Solution Items", "{AB865725-99C5-4672-9F54-0F208E6D5401}"
	ProjectSection(SolutionItems) = preProject
		LICENSE.md = LICENSE.md
		README.md = README.md
		RestSharp.Portable.snk = RestSharp.Portable.snk
	EndProjectSection
EndProject
Project("{FAE04EC0-301F-11D3-BF4B-00C04F79EFBC}") = "RestSharp.Portable.OAuth", "RestSharp.Portable.OAuth\RestSharp.Portable.OAuth.csproj", "{331F6CB6-0D1A-4AF2-B3AF-258218CDE213}"
EndProject
Project("{FAE04EC0-301F-11D3-BF4B-00C04F79EFBC}") = "RestSharp.Portable.OAuth2", "RestSharp.Portable.OAuth2\RestSharp.Portable.OAuth2.csproj", "{8BCC8467-7805-49E3-AD67-1D322FA3D54D}"
EndProject
Project("{FAE04EC0-301F-11D3-BF4B-00C04F79EFBC}") = "RestSharp.Portable.OAuth2.Tests", "RestSharp.Portable.OAuth2.Tests\RestSharp.Portable.OAuth2.Tests.csproj", "{0DA9F405-2F79-4F37-AB44-4FE54CB661F8}"
EndProject
Project("{FAE04EC0-301F-11D3-BF4B-00C04F79EFBC}") = "RestSharp.Portable.OAuth2.Configuration", "RestSharp.Portable.OAuth2.Configuration\RestSharp.Portable.OAuth2.Configuration.csproj", "{C781ADFC-06D5-4C49-8600-8E361288A7D6}"
EndProject
Project("{FAE04EC0-301F-11D3-BF4B-00C04F79EFBC}") = "RestSharp.Portable.PCL", "RestSharp.Portable.PCL\RestSharp.Portable.PCL.csproj", "{CF7A2DF4-2638-4991-81F5-DCF7A68A5911}"
EndProject
Project("{D954291E-2A0B-460D-934E-DC6B0785DB48}") = "RestSharp.Portable", "RestSharp.Portable\RestSharp.Portable.shproj", "{6E125AED-4FF9-4294-BB38-ADB498132A14}"
EndProject
Project("{FAE04EC0-301F-11D3-BF4B-00C04F79EFBC}") = "RestSharp.Portable.SL5", "RestSharp.Portable.SL5\RestSharp.Portable.SL5.csproj", "{B4417474-7393-40DC-8AB5-7115990C6F8D}"
EndProject
Project("{FAE04EC0-301F-11D3-BF4B-00C04F79EFBC}") = "RestSharp.Portable.Android", "RestSharp.Portable.Android\RestSharp.Portable.Android.csproj", "{83366AF6-7732-403F-8956-66DF977F139B}"
EndProject
Project("{FAE04EC0-301F-11D3-BF4B-00C04F79EFBC}") = "RestSharp.Portable.iOS", "RestSharp.Portable.iOS\RestSharp.Portable.iOS.csproj", "{BE999C56-C4E4-4AE0-8092-1D12FD9BE7F7}"
EndProject
Global
	GlobalSection(SharedMSBuildProjectFiles) = preSolution
		RestSharp.Portable\RestSharp.Portable.projitems*{6e125aed-4ff9-4294-bb38-adb498132a14}*SharedItemsImports = 13
		RestSharp.Portable\RestSharp.Portable.projitems*{83366af6-7732-403f-8956-66df977f139b}*SharedItemsImports = 4
		RestSharp.Portable\RestSharp.Portable.projitems*{b4417474-7393-40dc-8ab5-7115990c6f8d}*SharedItemsImports = 4
		RestSharp.Portable\RestSharp.Portable.projitems*{cf7a2df4-2638-4991-81f5-dcf7a68a5911}*SharedItemsImports = 4
		RestSharp.Portable\RestSharp.Portable.projitems*{be999c56-c4e4-4ae0-8092-1d12fd9be7f7}*SharedItemsImports = 4
	EndGlobalSection
	GlobalSection(SolutionConfigurationPlatforms) = preSolution
		Debug|Any CPU = Debug|Any CPU
		Release|Any CPU = Release|Any CPU
	EndGlobalSection
	GlobalSection(ProjectConfigurationPlatforms) = postSolution
		{B88EBEB8-329D-49F5-A00F-EE2104AA3DB5}.Debug|Any CPU.ActiveCfg = Debug|Any CPU
		{B88EBEB8-329D-49F5-A00F-EE2104AA3DB5}.Debug|Any CPU.Build.0 = Debug|Any CPU
		{B88EBEB8-329D-49F5-A00F-EE2104AA3DB5}.Release|Any CPU.ActiveCfg = Release|Any CPU
		{B88EBEB8-329D-49F5-A00F-EE2104AA3DB5}.Release|Any CPU.Build.0 = Release|Any CPU
		{674469CC-9563-4618-A8E0-7C3A980647C5}.Debug|Any CPU.ActiveCfg = Debug|Any CPU
		{674469CC-9563-4618-A8E0-7C3A980647C5}.Debug|Any CPU.Build.0 = Debug|Any CPU
		{674469CC-9563-4618-A8E0-7C3A980647C5}.Release|Any CPU.ActiveCfg = Release|Any CPU
		{674469CC-9563-4618-A8E0-7C3A980647C5}.Release|Any CPU.Build.0 = Release|Any CPU
		{331F6CB6-0D1A-4AF2-B3AF-258218CDE213}.Debug|Any CPU.ActiveCfg = Debug|Any CPU
		{331F6CB6-0D1A-4AF2-B3AF-258218CDE213}.Debug|Any CPU.Build.0 = Debug|Any CPU
		{331F6CB6-0D1A-4AF2-B3AF-258218CDE213}.Release|Any CPU.ActiveCfg = Release|Any CPU
		{331F6CB6-0D1A-4AF2-B3AF-258218CDE213}.Release|Any CPU.Build.0 = Release|Any CPU
		{8BCC8467-7805-49E3-AD67-1D322FA3D54D}.Debug|Any CPU.ActiveCfg = Debug|Any CPU
		{8BCC8467-7805-49E3-AD67-1D322FA3D54D}.Debug|Any CPU.Build.0 = Debug|Any CPU
		{8BCC8467-7805-49E3-AD67-1D322FA3D54D}.Release|Any CPU.ActiveCfg = Release|Any CPU
		{8BCC8467-7805-49E3-AD67-1D322FA3D54D}.Release|Any CPU.Build.0 = Release|Any CPU
		{0DA9F405-2F79-4F37-AB44-4FE54CB661F8}.Debug|Any CPU.ActiveCfg = Debug|Any CPU
		{0DA9F405-2F79-4F37-AB44-4FE54CB661F8}.Debug|Any CPU.Build.0 = Debug|Any CPU
		{0DA9F405-2F79-4F37-AB44-4FE54CB661F8}.Release|Any CPU.ActiveCfg = Release|Any CPU
		{0DA9F405-2F79-4F37-AB44-4FE54CB661F8}.Release|Any CPU.Build.0 = Release|Any CPU
		{C781ADFC-06D5-4C49-8600-8E361288A7D6}.Debug|Any CPU.ActiveCfg = Debug|Any CPU
		{C781ADFC-06D5-4C49-8600-8E361288A7D6}.Debug|Any CPU.Build.0 = Debug|Any CPU
		{C781ADFC-06D5-4C49-8600-8E361288A7D6}.Release|Any CPU.ActiveCfg = Release|Any CPU
		{C781ADFC-06D5-4C49-8600-8E361288A7D6}.Release|Any CPU.Build.0 = Release|Any CPU
		{CF7A2DF4-2638-4991-81F5-DCF7A68A5911}.Debug|Any CPU.ActiveCfg = Debug|Any CPU
		{CF7A2DF4-2638-4991-81F5-DCF7A68A5911}.Debug|Any CPU.Build.0 = Debug|Any CPU
		{CF7A2DF4-2638-4991-81F5-DCF7A68A5911}.Release|Any CPU.ActiveCfg = Release|Any CPU
		{CF7A2DF4-2638-4991-81F5-DCF7A68A5911}.Release|Any CPU.Build.0 = Release|Any CPU
		{B4417474-7393-40DC-8AB5-7115990C6F8D}.Debug|Any CPU.ActiveCfg = Debug|Any CPU
		{B4417474-7393-40DC-8AB5-7115990C6F8D}.Debug|Any CPU.Build.0 = Debug|Any CPU
		{B4417474-7393-40DC-8AB5-7115990C6F8D}.Release|Any CPU.ActiveCfg = Release|Any CPU
		{B4417474-7393-40DC-8AB5-7115990C6F8D}.Release|Any CPU.Build.0 = Release|Any CPU
		{83366AF6-7732-403F-8956-66DF977F139B}.Debug|Any CPU.ActiveCfg = Debug|Any CPU
		{83366AF6-7732-403F-8956-66DF977F139B}.Debug|Any CPU.Build.0 = Debug|Any CPU
		{83366AF6-7732-403F-8956-66DF977F139B}.Release|Any CPU.ActiveCfg = Release|Any CPU
		{83366AF6-7732-403F-8956-66DF977F139B}.Release|Any CPU.Build.0 = Release|Any CPU
		{BE999C56-C4E4-4AE0-8092-1D12FD9BE7F7}.Debug|Any CPU.ActiveCfg = Debug|Any CPU
		{BE999C56-C4E4-4AE0-8092-1D12FD9BE7F7}.Debug|Any CPU.Build.0 = Debug|Any CPU
		{BE999C56-C4E4-4AE0-8092-1D12FD9BE7F7}.Release|Any CPU.ActiveCfg = Release|Any CPU
		{BE999C56-C4E4-4AE0-8092-1D12FD9BE7F7}.Release|Any CPU.Build.0 = Release|Any CPU
	EndGlobalSection
	GlobalSection(SolutionProperties) = preSolution
		HideSolutionNode = FALSE
	EndGlobalSection
	GlobalSection(NestedProjects) = preSolution
		{378BF51F-9A2C-4223-A6B8-3DC2BEAA37CD} = {E881237B-25BC-47D2-8D80-00BA0ADD9732}
		{888BC352-3848-4447-A098-FA4CD300892D} = {378BF51F-9A2C-4223-A6B8-3DC2BEAA37CD}
	EndGlobalSection
EndGlobal
