
Microsoft Visual Studio Solution File, Format Version 12.00
# Visual Studio 2013
VisualStudioVersion = 12.0.21005.1
MinimumVisualStudioVersion = 10.0.40219.1
Project("{FAE04EC0-301F-11D3-BF4B-00C04F79EFBC}") = "RestSharp.Portable", "RestSharp.Portable\RestSharp.Portable.csproj", "{59F07751-2987-43C0-B5E1-55128C5E2CC4}"
EndProject
Project("{2150E333-8FDC-42A3-9474-1A3956D46DE8}") = ".nuget", ".nuget", "{CF81846D-67CA-465E-BB42-DE5E8295CC0A}"
	ProjectSection(SolutionItems) = preProject
		.nuget\NuGet.Config = .nuget\NuGet.Config
		.nuget\NuGet.exe = .nuget\NuGet.exe
		.nuget\NuGet.targets = .nuget\NuGet.targets
	EndProjectSection
EndProject
Project("{FAE04EC0-301F-11D3-BF4B-00C04F79EFBC}") = "RestSharp.Portable.Test", "RestSharp.Portable.Test\RestSharp.Portable.Test.csproj", "{B88EBEB8-329D-49F5-A00F-EE2104AA3DB5}"
EndProject
Project("{FAE04EC0-301F-11D3-BF4B-00C04F79EFBC}") = "RestSharp.Portable.Encodings", "RestSharp.Portable.Encodings\RestSharp.Portable.Encodings.csproj", "{674469CC-9563-4618-A8E0-7C3A980647C5}"
EndProject
Global
	GlobalSection(SolutionConfigurationPlatforms) = preSolution
		Debug|Any CPU = Debug|Any CPU
		Release|Any CPU = Release|Any CPU
	EndGlobalSection
	GlobalSection(ProjectConfigurationPlatforms) = postSolution
		{59F07751-2987-43C0-B5E1-55128C5E2CC4}.Debug|Any CPU.ActiveCfg = Debug|Any CPU
		{59F07751-2987-43C0-B5E1-55128C5E2CC4}.Debug|Any CPU.Build.0 = Debug|Any CPU
		{59F07751-2987-43C0-B5E1-55128C5E2CC4}.Release|Any CPU.ActiveCfg = Release|Any CPU
		{59F07751-2987-43C0-B5E1-55128C5E2CC4}.Release|Any CPU.Build.0 = Release|Any CPU
		{B88EBEB8-329D-49F5-A00F-EE2104AA3DB5}.Debug|Any CPU.ActiveCfg = Debug|Any CPU
		{B88EBEB8-329D-49F5-A00F-EE2104AA3DB5}.Debug|Any CPU.Build.0 = Debug|Any CPU
		{B88EBEB8-329D-49F5-A00F-EE2104AA3DB5}.Release|Any CPU.ActiveCfg = Release|Any CPU
		{B88EBEB8-329D-49F5-A00F-EE2104AA3DB5}.Release|Any CPU.Build.0 = Release|Any CPU
		{674469CC-9563-4618-A8E0-7C3A980647C5}.Debug|Any CPU.ActiveCfg = Debug|Any CPU
		{674469CC-9563-4618-A8E0-7C3A980647C5}.Debug|Any CPU.Build.0 = Debug|Any CPU
		{674469CC-9563-4618-A8E0-7C3A980647C5}.Release|Any CPU.ActiveCfg = Release|Any CPU
		{674469CC-9563-4618-A8E0-7C3A980647C5}.Release|Any CPU.Build.0 = Release|Any CPU
	EndGlobalSection
	GlobalSection(SolutionProperties) = preSolution
		HideSolutionNode = FALSE
	EndGlobalSection
EndGlobal
